// !$*UTF8*$!
{
	archiveVersion = 1;
	classes = {
	};
	objectVersion = 56;
	objects = {

/* Begin PBXBuildFile section */
		2F9ED7662B781B9B002BB136 /* ItalianoApp.swift in Sources */ = {isa = PBXBuildFile; fileRef = 2F9ED7652B781B9B002BB136 /* ItalianoApp.swift */; };
		2F9ED7682B781B9B002BB136 /* ContentView.swift in Sources */ = {isa = PBXBuildFile; fileRef = 2F9ED7672B781B9B002BB136 /* ContentView.swift */; };
		2F9ED76A2B781B9D002BB136 /* Assets.xcassets in Resources */ = {isa = PBXBuildFile; fileRef = 2F9ED7692B781B9D002BB136 /* Assets.xcassets */; };
		2F9ED76D2B781B9D002BB136 /* Preview Assets.xcassets in Resources */ = {isa = PBXBuildFile; fileRef = 2F9ED76C2B781B9D002BB136 /* Preview Assets.xcassets */; };
		2F9ED7742B781C04002BB136 /* DataBase.swift in Sources */ = {isa = PBXBuildFile; fileRef = 2F9ED7732B781C04002BB136 /* DataBase.swift */; };
		2F9ED7762B782212002BB136 /* Language.swift in Sources */ = {isa = PBXBuildFile; fileRef = 2F9ED7752B782212002BB136 /* Language.swift */; };
		2F9ED77A2B782436002BB136 /* Speaker.swift in Sources */ = {isa = PBXBuildFile; fileRef = 2F9ED7792B782436002BB136 /* Speaker.swift */; };
		2F9ED77C2B78F0ED002BB136 /* LanguagePair.swift in Sources */ = {isa = PBXBuildFile; fileRef = 2F9ED77B2B78F0ED002BB136 /* LanguagePair.swift */; };
		2F9ED77E2B78F1CE002BB136 /* LearningTopic.swift in Sources */ = {isa = PBXBuildFile; fileRef = 2F9ED77D2B78F1CE002BB136 /* LearningTopic.swift */; };
		2F9ED7802B78F571002BB136 /* TopicsList.swift in Sources */ = {isa = PBXBuildFile; fileRef = 2F9ED77F2B78F571002BB136 /* TopicsList.swift */; };
		2F9ED7A22B790719002BB136 /* AddTopicView.swift in Sources */ = {isa = PBXBuildFile; fileRef = 2F9ED7A12B790719002BB136 /* AddTopicView.swift */; };
/* End PBXBuildFile section */

/* Begin PBXFileReference section */
		2F9ED7622B781B9B002BB136 /* Italiano.app */ = {isa = PBXFileReference; explicitFileType = wrapper.application; includeInIndex = 0; path = Italiano.app; sourceTree = BUILT_PRODUCTS_DIR; };
		2F9ED7652B781B9B002BB136 /* ItalianoApp.swift */ = {isa = PBXFileReference; lastKnownFileType = sourcecode.swift; path = ItalianoApp.swift; sourceTree = "<group>"; };
		2F9ED7672B781B9B002BB136 /* ContentView.swift */ = {isa = PBXFileReference; lastKnownFileType = sourcecode.swift; path = ContentView.swift; sourceTree = "<group>"; };
		2F9ED7692B781B9D002BB136 /* Assets.xcassets */ = {isa = PBXFileReference; lastKnownFileType = folder.assetcatalog; path = Assets.xcassets; sourceTree = "<group>"; };
		2F9ED76C2B781B9D002BB136 /* Preview Assets.xcassets */ = {isa = PBXFileReference; lastKnownFileType = folder.assetcatalog; path = "Preview Assets.xcassets"; sourceTree = "<group>"; };
		2F9ED7732B781C04002BB136 /* DataBase.swift */ = {isa = PBXFileReference; lastKnownFileType = sourcecode.swift; path = DataBase.swift; sourceTree = "<group>"; };
		2F9ED7752B782212002BB136 /* Language.swift */ = {isa = PBXFileReference; lastKnownFileType = sourcecode.swift; path = Language.swift; sourceTree = "<group>"; };
		2F9ED7792B782436002BB136 /* Speaker.swift */ = {isa = PBXFileReference; lastKnownFileType = sourcecode.swift; path = Speaker.swift; sourceTree = "<group>"; };
		2F9ED77B2B78F0ED002BB136 /* LanguagePair.swift */ = {isa = PBXFileReference; lastKnownFileType = sourcecode.swift; path = LanguagePair.swift; sourceTree = "<group>"; };
		2F9ED77D2B78F1CE002BB136 /* LearningTopic.swift */ = {isa = PBXFileReference; lastKnownFileType = sourcecode.swift; path = LearningTopic.swift; sourceTree = "<group>"; };
		2F9ED77F2B78F571002BB136 /* TopicsList.swift */ = {isa = PBXFileReference; lastKnownFileType = sourcecode.swift; path = TopicsList.swift; sourceTree = "<group>"; };
		2F9ED7A12B790719002BB136 /* AddTopicView.swift */ = {isa = PBXFileReference; lastKnownFileType = sourcecode.swift; path = AddTopicView.swift; sourceTree = "<group>"; };
/* End PBXFileReference section */

/* Begin PBXFrameworksBuildPhase section */
		2F9ED75F2B781B9B002BB136 /* Frameworks */ = {
			isa = PBXFrameworksBuildPhase;
			buildActionMask = 2147483647;
			files = (
			);
			runOnlyForDeploymentPostprocessing = 0;
		};
/* End PBXFrameworksBuildPhase section */

/* Begin PBXGroup section */
		2F9ED7592B781B9B002BB136 = {
			isa = PBXGroup;
			children = (
				2F9ED7642B781B9B002BB136 /* Italiano */,
				2F9ED7632B781B9B002BB136 /* Products */,
			);
			sourceTree = "<group>";
		};
		2F9ED7632B781B9B002BB136 /* Products */ = {
			isa = PBXGroup;
			children = (
				2F9ED7622B781B9B002BB136 /* Italiano.app */,
			);
			name = Products;
			sourceTree = "<group>";
		};
		2F9ED7642B781B9B002BB136 /* Italiano */ = {
			isa = PBXGroup;
			children = (
				2F9ED7652B781B9B002BB136 /* ItalianoApp.swift */,
				2F9ED7672B781B9B002BB136 /* ContentView.swift */,
				2F9ED77F2B78F571002BB136 /* TopicsList.swift */,
				2F9ED7A12B790719002BB136 /* AddTopicView.swift */,
				2F9ED7792B782436002BB136 /* Speaker.swift */,
				2F9ED7752B782212002BB136 /* Language.swift */,
				2F9ED7692B781B9D002BB136 /* Assets.xcassets */,
				2F9ED76B2B781B9D002BB136 /* Preview Content */,
				2F9ED7732B781C04002BB136 /* DataBase.swift */,
				2F9ED77D2B78F1CE002BB136 /* LearningTopic.swift */,
				2F9ED77B2B78F0ED002BB136 /* LanguagePair.swift */,
			);
			path = Italiano;
			sourceTree = "<group>";
		};
		2F9ED76B2B781B9D002BB136 /* Preview Content */ = {
			isa = PBXGroup;
			children = (
				2F9ED76C2B781B9D002BB136 /* Preview Assets.xcassets */,
			);
			path = "Preview Content";
			sourceTree = "<group>";
		};
/* End PBXGroup section */

/* Begin PBXNativeTarget section */
		2F9ED7612B781B9B002BB136 /* Italiano */ = {
			isa = PBXNativeTarget;
			buildConfigurationList = 2F9ED7702B781B9D002BB136 /* Build configuration list for PBXNativeTarget "Italiano" */;
			buildPhases = (
				2F9ED75E2B781B9B002BB136 /* Sources */,
				2F9ED75F2B781B9B002BB136 /* Frameworks */,
				2F9ED7602B781B9B002BB136 /* Resources */,
			);
			buildRules = (
			);
			dependencies = (
			);
			name = Italiano;
			productName = Italiano;
			productReference = 2F9ED7622B781B9B002BB136 /* Italiano.app */;
			productType = "com.apple.product-type.application";
		};
/* End PBXNativeTarget section */

/* Begin PBXProject section */
		2F9ED75A2B781B9B002BB136 /* Project object */ = {
			isa = PBXProject;
			attributes = {
				BuildIndependentTargetsInParallel = 1;
				LastSwiftUpdateCheck = 1500;
				LastUpgradeCheck = 1500;
				TargetAttributes = {
					2F9ED7612B781B9B002BB136 = {
						CreatedOnToolsVersion = 15.0;
					};
				};
			};
			buildConfigurationList = 2F9ED75D2B781B9B002BB136 /* Build configuration list for PBXProject "Italiano" */;
			compatibilityVersion = "Xcode 14.0";
			developmentRegion = en;
			hasScannedForEncodings = 0;
			knownRegions = (
				en,
				Base,
			);
			mainGroup = 2F9ED7592B781B9B002BB136;
			productRefGroup = 2F9ED7632B781B9B002BB136 /* Products */;
			projectDirPath = "";
			projectRoot = "";
			targets = (
				2F9ED7612B781B9B002BB136 /* Italiano */,
			);
		};
/* End PBXProject section */

/* Begin PBXResourcesBuildPhase section */
		2F9ED7602B781B9B002BB136 /* Resources */ = {
			isa = PBXResourcesBuildPhase;
			buildActionMask = 2147483647;
			files = (
				2F9ED76D2B781B9D002BB136 /* Preview Assets.xcassets in Resources */,
				2F9ED76A2B781B9D002BB136 /* Assets.xcassets in Resources */,
			);
			runOnlyForDeploymentPostprocessing = 0;
		};
/* End PBXResourcesBuildPhase section */

/* Begin PBXSourcesBuildPhase section */
		2F9ED75E2B781B9B002BB136 /* Sources */ = {
			isa = PBXSourcesBuildPhase;
			buildActionMask = 2147483647;
			files = (
				2F9ED7682B781B9B002BB136 /* ContentView.swift in Sources */,
				2F9ED7802B78F571002BB136 /* TopicsList.swift in Sources */,
				2F9ED77C2B78F0ED002BB136 /* LanguagePair.swift in Sources */,
				2F9ED7762B782212002BB136 /* Language.swift in Sources */,
				2F9ED77E2B78F1CE002BB136 /* LearningTopic.swift in Sources */,
				2F9ED7A22B790719002BB136 /* AddTopicView.swift in Sources */,
				2F9ED77A2B782436002BB136 /* Speaker.swift in Sources */,
				2F9ED7742B781C04002BB136 /* DataBase.swift in Sources */,
				2F9ED7662B781B9B002BB136 /* ItalianoApp.swift in Sources */,
			);
			runOnlyForDeploymentPostprocessing = 0;
		};
/* End PBXSourcesBuildPhase section */

/* Begin XCBuildConfiguration section */
		2F9ED76E2B781B9D002BB136 /* Debug */ = {
			isa = XCBuildConfiguration;
			buildSettings = {
				ALWAYS_SEARCH_USER_PATHS = NO;
				ASSETCATALOG_COMPILER_GENERATE_SWIFT_ASSET_SYMBOL_EXTENSIONS = YES;
				CLANG_ANALYZER_NONNULL = YES;
				CLANG_ANALYZER_NUMBER_OBJECT_CONVERSION = YES_AGGRESSIVE;
				CLANG_CXX_LANGUAGE_STANDARD = "gnu++20";
				CLANG_ENABLE_MODULES = YES;
				CLANG_ENABLE_OBJC_ARC = YES;
				CLANG_ENABLE_OBJC_WEAK = YES;
				CLANG_WARN_BLOCK_CAPTURE_AUTORELEASING = YES;
				CLANG_WARN_BOOL_CONVERSION = YES;
				CLANG_WARN_COMMA = YES;
				CLANG_WARN_CONSTANT_CONVERSION = YES;
				CLANG_WARN_DEPRECATED_OBJC_IMPLEMENTATIONS = YES;
				CLANG_WARN_DIRECT_OBJC_ISA_USAGE = YES_ERROR;
				CLANG_WARN_DOCUMENTATION_COMMENTS = YES;
				CLANG_WARN_EMPTY_BODY = YES;
				CLANG_WARN_ENUM_CONVERSION = YES;
				CLANG_WARN_INFINITE_RECURSION = YES;
				CLANG_WARN_INT_CONVERSION = YES;
				CLANG_WARN_NON_LITERAL_NULL_CONVERSION = YES;
				CLANG_WARN_OBJC_IMPLICIT_RETAIN_SELF = YES;
				CLANG_WARN_OBJC_LITERAL_CONVERSION = YES;
				CLANG_WARN_OBJC_ROOT_CLASS = YES_ERROR;
				CLANG_WARN_QUOTED_INCLUDE_IN_FRAMEWORK_HEADER = YES;
				CLANG_WARN_RANGE_LOOP_ANALYSIS = YES;
				CLANG_WARN_STRICT_PROTOTYPES = YES;
				CLANG_WARN_SUSPICIOUS_MOVE = YES;
				CLANG_WARN_UNGUARDED_AVAILABILITY = YES_AGGRESSIVE;
				CLANG_WARN_UNREACHABLE_CODE = YES;
				CLANG_WARN__DUPLICATE_METHOD_MATCH = YES;
				COPY_PHASE_STRIP = NO;
				DEBUG_INFORMATION_FORMAT = dwarf;
				ENABLE_STRICT_OBJC_MSGSEND = YES;
				ENABLE_TESTABILITY = YES;
				ENABLE_USER_SCRIPT_SANDBOXING = YES;
				GCC_C_LANGUAGE_STANDARD = gnu17;
				GCC_DYNAMIC_NO_PIC = NO;
				GCC_NO_COMMON_BLOCKS = YES;
				GCC_OPTIMIZATION_LEVEL = 0;
				GCC_PREPROCESSOR_DEFINITIONS = (
					"DEBUG=1",
					"$(inherited)",
				);
				GCC_WARN_64_TO_32_BIT_CONVERSION = YES;
				GCC_WARN_ABOUT_RETURN_TYPE = YES_ERROR;
				GCC_WARN_UNDECLARED_SELECTOR = YES;
				GCC_WARN_UNINITIALIZED_AUTOS = YES_AGGRESSIVE;
				GCC_WARN_UNUSED_FUNCTION = YES;
				GCC_WARN_UNUSED_VARIABLE = YES;
				IPHONEOS_DEPLOYMENT_TARGET = 17.0;
				LOCALIZATION_PREFERS_STRING_CATALOGS = YES;
				MTL_ENABLE_DEBUG_INFO = INCLUDE_SOURCE;
				MTL_FAST_MATH = YES;
				ONLY_ACTIVE_ARCH = YES;
				SDKROOT = iphoneos;
				SWIFT_ACTIVE_COMPILATION_CONDITIONS = "DEBUG $(inherited)";
				SWIFT_OPTIMIZATION_LEVEL = "-Onone";
			};
			name = Debug;
		};
		2F9ED76F2B781B9D002BB136 /* Release */ = {
			isa = XCBuildConfiguration;
			buildSettings = {
				ALWAYS_SEARCH_USER_PATHS = NO;
				ASSETCATALOG_COMPILER_GENERATE_SWIFT_ASSET_SYMBOL_EXTENSIONS = YES;
				CLANG_ANALYZER_NONNULL = YES;
				CLANG_ANALYZER_NUMBER_OBJECT_CONVERSION = YES_AGGRESSIVE;
				CLANG_CXX_LANGUAGE_STANDARD = "gnu++20";
				CLANG_ENABLE_MODULES = YES;
				CLANG_ENABLE_OBJC_ARC = YES;
				CLANG_ENABLE_OBJC_WEAK = YES;
				CLANG_WARN_BLOCK_CAPTURE_AUTORELEASING = YES;
				CLANG_WARN_BOOL_CONVERSION = YES;
				CLANG_WARN_COMMA = YES;
				CLANG_WARN_CONSTANT_CONVERSION = YES;
				CLANG_WARN_DEPRECATED_OBJC_IMPLEMENTATIONS = YES;
				CLANG_WARN_DIRECT_OBJC_ISA_USAGE = YES_ERROR;
				CLANG_WARN_DOCUMENTATION_COMMENTS = YES;
				CLANG_WARN_EMPTY_BODY = YES;
				CLANG_WARN_ENUM_CONVERSION = YES;
				CLANG_WARN_INFINITE_RECURSION = YES;
				CLANG_WARN_INT_CONVERSION = YES;
				CLANG_WARN_NON_LITERAL_NULL_CONVERSION = YES;
				CLANG_WARN_OBJC_IMPLICIT_RETAIN_SELF = YES;
				CLANG_WARN_OBJC_LITERAL_CONVERSION = YES;
				CLANG_WARN_OBJC_ROOT_CLASS = YES_ERROR;
				CLANG_WARN_QUOTED_INCLUDE_IN_FRAMEWORK_HEADER = YES;
				CLANG_WARN_RANGE_LOOP_ANALYSIS = YES;
				CLANG_WARN_STRICT_PROTOTYPES = YES;
				CLANG_WARN_SUSPICIOUS_MOVE = YES;
				CLANG_WARN_UNGUARDED_AVAILABILITY = YES_AGGRESSIVE;
				CLANG_WARN_UNREACHABLE_CODE = YES;
				CLANG_WARN__DUPLICATE_METHOD_MATCH = YES;
				COPY_PHASE_STRIP = NO;
				DEBUG_INFORMATION_FORMAT = "dwarf-with-dsym";
				ENABLE_NS_ASSERTIONS = NO;
				ENABLE_STRICT_OBJC_MSGSEND = YES;
				ENABLE_USER_SCRIPT_SANDBOXING = YES;
				GCC_C_LANGUAGE_STANDARD = gnu17;
				GCC_NO_COMMON_BLOCKS = YES;
				GCC_WARN_64_TO_32_BIT_CONVERSION = YES;
				GCC_WARN_ABOUT_RETURN_TYPE = YES_ERROR;
				GCC_WARN_UNDECLARED_SELECTOR = YES;
				GCC_WARN_UNINITIALIZED_AUTOS = YES_AGGRESSIVE;
				GCC_WARN_UNUSED_FUNCTION = YES;
				GCC_WARN_UNUSED_VARIABLE = YES;
				IPHONEOS_DEPLOYMENT_TARGET = 17.0;
				LOCALIZATION_PREFERS_STRING_CATALOGS = YES;
				MTL_ENABLE_DEBUG_INFO = NO;
				MTL_FAST_MATH = YES;
				SDKROOT = iphoneos;
				SWIFT_COMPILATION_MODE = wholemodule;
				VALIDATE_PRODUCT = YES;
			};
			name = Release;
		};
		2F9ED7712B781B9D002BB136 /* Debug */ = {
			isa = XCBuildConfiguration;
			buildSettings = {
				ASSETCATALOG_COMPILER_APPICON_NAME = AppIcon;
				ASSETCATALOG_COMPILER_GLOBAL_ACCENT_COLOR_NAME = AccentColor;
				CODE_SIGN_STYLE = Automatic;
				CURRENT_PROJECT_VERSION = 1;
				DEVELOPMENT_ASSET_PATHS = "\"Italiano/Preview Content\"";
				DEVELOPMENT_TEAM = 6D4PZMC7DM;
				ENABLE_PREVIEWS = YES;
				GENERATE_INFOPLIST_FILE = YES;
				INFOPLIST_KEY_NSAppleMusicUsageDescription = Please;
				INFOPLIST_KEY_UIApplicationSceneManifest_Generation = YES;
				INFOPLIST_KEY_UIApplicationSupportsIndirectInputEvents = YES;
				INFOPLIST_KEY_UILaunchScreen_Generation = YES;
				INFOPLIST_KEY_UISupportedInterfaceOrientations_iPad = "UIInterfaceOrientationPortrait UIInterfaceOrientationPortraitUpsideDown UIInterfaceOrientationLandscapeLeft UIInterfaceOrientationLandscapeRight";
				INFOPLIST_KEY_UISupportedInterfaceOrientations_iPhone = "UIInterfaceOrientationPortrait UIInterfaceOrientationLandscapeLeft UIInterfaceOrientationLandscapeRight";
				LD_RUNPATH_SEARCH_PATHS = (
					"$(inherited)",
					"@executable_path/Frameworks",
				);
				MARKETING_VERSION = 1.0;
				PRODUCT_BUNDLE_IDENTIFIER = artur.ponomarenko.Italiano;
				PRODUCT_NAME = "$(TARGET_NAME)";
				SWIFT_EMIT_LOC_STRINGS = YES;
				SWIFT_VERSION = 5.0;
				TARGETED_DEVICE_FAMILY = "1,2";
			};
			name = Debug;
		};
		2F9ED7722B781B9D002BB136 /* Release */ = {
			isa = XCBuildConfiguration;
			buildSettings = {
				ASSETCATALOG_COMPILER_APPICON_NAME = AppIcon;
				ASSETCATALOG_COMPILER_GLOBAL_ACCENT_COLOR_NAME = AccentColor;
				CODE_SIGN_STYLE = Automatic;
				CURRENT_PROJECT_VERSION = 1;
				DEVELOPMENT_ASSET_PATHS = "\"Italiano/Preview Content\"";
				DEVELOPMENT_TEAM = 6D4PZMC7DM;
				ENABLE_PREVIEWS = YES;
				GENERATE_INFOPLIST_FILE = YES;
				INFOPLIST_KEY_NSAppleMusicUsageDescription = Please;
				INFOPLIST_KEY_UIApplicationSceneManifest_Generation = YES;
				INFOPLIST_KEY_UIApplicationSupportsIndirectInputEvents = YES;
				INFOPLIST_KEY_UILaunchScreen_Generation = YES;
				INFOPLIST_KEY_UISupportedInterfaceOrientations_iPad = "UIInterfaceOrientationPortrait UIInterfaceOrientationPortraitUpsideDown UIInterfaceOrientationLandscapeLeft UIInterfaceOrientationLandscapeRight";
				INFOPLIST_KEY_UISupportedInterfaceOrientations_iPhone = "UIInterfaceOrientationPortrait UIInterfaceOrientationLandscapeLeft UIInterfaceOrientationLandscapeRight";
				LD_RUNPATH_SEARCH_PATHS = (
					"$(inherited)",
					"@executable_path/Frameworks",
				);
				MARKETING_VERSION = 1.0;
				PRODUCT_BUNDLE_IDENTIFIER = artur.ponomarenko.Italiano;
				PRODUCT_NAME = "$(TARGET_NAME)";
				SWIFT_EMIT_LOC_STRINGS = YES;
				SWIFT_VERSION = 5.0;
				TARGETED_DEVICE_FAMILY = "1,2";
			};
			name = Release;
		};
/* End XCBuildConfiguration section */

/* Begin XCConfigurationList section */
		2F9ED75D2B781B9B002BB136 /* Build configuration list for PBXProject "Italiano" */ = {
			isa = XCConfigurationList;
			buildConfigurations = (
				2F9ED76E2B781B9D002BB136 /* Debug */,
				2F9ED76F2B781B9D002BB136 /* Release */,
			);
			defaultConfigurationIsVisible = 0;
			defaultConfigurationName = Release;
		};
		2F9ED7702B781B9D002BB136 /* Build configuration list for PBXNativeTarget "Italiano" */ = {
			isa = XCConfigurationList;
			buildConfigurations = (
				2F9ED7712B781B9D002BB136 /* Debug */,
				2F9ED7722B781B9D002BB136 /* Release */,
			);
			defaultConfigurationIsVisible = 0;
			defaultConfigurationName = Release;
		};
/* End XCConfigurationList section */
	};
	rootObject = 2F9ED75A2B781B9B002BB136 /* Project object */;
}
